
Microsoft Visual Studio Solution File, Format Version 12.00
# Visual Studio Version 17
VisualStudioVersion = 17.3.32825.248
MinimumVisualStudioVersion = 10.0.40219.1
Project("{9A19103F-16F7-4668-BE54-9A1E7A4F7556}") = "WinFormsApp1", "WinFormsApp1\WinFormsApp1.csproj", "{DB1E6F73-EF3E-471C-936F-7DB30FA0EBFC}"
EndProject
Global
	GlobalSection(SolutionConfigurationPlatforms) = preSolution
		Debug|Any CPU = Debug|Any CPU
		Release|Any CPU = Release|Any CPU
	EndGlobalSection
	GlobalSection(ProjectConfigurationPlatforms) = postSolution
		{DB1E6F73-EF3E-471C-936F-7DB30FA0EBFC}.Debug|Any CPU.ActiveCfg = Debug|Any CPU
		{DB1E6F73-EF3E-471C-936F-7DB30FA0EBFC}.Debug|Any CPU.Build.0 = Debug|Any CPU
		{DB1E6F73-EF3E-471C-936F-7DB30FA0EBFC}.Release|Any CPU.ActiveCfg = Release|Any CPU
		{DB1E6F73-EF3E-471C-936F-7DB30FA0EBFC}.Release|Any CPU.Build.0 = Release|Any CPU
	EndGlobalSection
	GlobalSection(SolutionProperties) = preSolution
		HideSolutionNode = FALSE
	EndGlobalSection
	GlobalSection(ExtensibilityGlobals) = postSolution
		SolutionGuid = {2BB7A7A7-8C03-473B-95E0-9258899628C1}
	EndGlobalSection
EndGlobal
