
Microsoft Visual Studio Solution File, Format Version 12.00
# Visual Studio Version 17
VisualStudioVersion = 17.2.32630.192
MinimumVisualStudioVersion = 10.0.40219.1
Project("{FAE04EC0-301F-11D3-BF4B-00C04F79EFBC}") = "Task1", "Task1\Task1.csproj", "{26F65265-1343-44D8-9014-A46B2AD01571}"
EndProject
Global
	GlobalSection(SolutionConfigurationPlatforms) = preSolution
		Debug|Any CPU = Debug|Any CPU
		Release|Any CPU = Release|Any CPU
	EndGlobalSection
	GlobalSection(ProjectConfigurationPlatforms) = postSolution
		{26F65265-1343-44D8-9014-A46B2AD01571}.Debug|Any CPU.ActiveCfg = Debug|Any CPU
		{26F65265-1343-44D8-9014-A46B2AD01571}.Debug|Any CPU.Build.0 = Debug|Any CPU
		{26F65265-1343-44D8-9014-A46B2AD01571}.Release|Any CPU.ActiveCfg = Release|Any CPU
		{26F65265-1343-44D8-9014-A46B2AD01571}.Release|Any CPU.Build.0 = Release|Any CPU
	EndGlobalSection
	GlobalSection(SolutionProperties) = preSolution
		HideSolutionNode = FALSE
	EndGlobalSection
	GlobalSection(ExtensibilityGlobals) = postSolution
		SolutionGuid = {7CFBAFAA-93B1-4FBF-B112-A84081113C16}
	EndGlobalSection
EndGlobal
