
Microsoft Visual Studio Solution File, Format Version 12.00
# Visual Studio Version 17
VisualStudioVersion = 17.3.32825.248
MinimumVisualStudioVersion = 10.0.40219.1
Project("{FAE04EC0-301F-11D3-BF4B-00C04F79EFBC}") = "ConsoleApp1", "ConsoleApp1\ConsoleApp1.csproj", "{3887291E-341F-4D6F-A82E-C3FEAEB8FBCF}"
EndProject
Global
	GlobalSection(SolutionConfigurationPlatforms) = preSolution
		Debug|Any CPU = Debug|Any CPU
		Release|Any CPU = Release|Any CPU
	EndGlobalSection
	GlobalSection(ProjectConfigurationPlatforms) = postSolution
		{3887291E-341F-4D6F-A82E-C3FEAEB8FBCF}.Debug|Any CPU.ActiveCfg = Debug|Any CPU
		{3887291E-341F-4D6F-A82E-C3FEAEB8FBCF}.Debug|Any CPU.Build.0 = Debug|Any CPU
		{3887291E-341F-4D6F-A82E-C3FEAEB8FBCF}.Release|Any CPU.ActiveCfg = Release|Any CPU
		{3887291E-341F-4D6F-A82E-C3FEAEB8FBCF}.Release|Any CPU.Build.0 = Release|Any CPU
	EndGlobalSection
	GlobalSection(SolutionProperties) = preSolution
		HideSolutionNode = FALSE
	EndGlobalSection
	GlobalSection(ExtensibilityGlobals) = postSolution
		SolutionGuid = {49323309-AB87-4A19-BC25-AB40AB0F2935}
	EndGlobalSection
EndGlobal
