
Microsoft Visual Studio Solution File, Format Version 12.00
# Visual Studio Version 17
VisualStudioVersion = 17.3.32825.248
MinimumVisualStudioVersion = 10.0.40219.1
Project("{FAE04EC0-301F-11D3-BF4B-00C04F79EFBC}") = "WinFormsApp1", "WinFormsApp1\WinFormsApp1.csproj", "{062B70F2-3F21-4825-8DE0-729F893DA52D}"
EndProject
Global
	GlobalSection(SolutionConfigurationPlatforms) = preSolution
		Debug|Any CPU = Debug|Any CPU
		Release|Any CPU = Release|Any CPU
	EndGlobalSection
	GlobalSection(ProjectConfigurationPlatforms) = postSolution
		{062B70F2-3F21-4825-8DE0-729F893DA52D}.Debug|Any CPU.ActiveCfg = Debug|Any CPU
		{062B70F2-3F21-4825-8DE0-729F893DA52D}.Debug|Any CPU.Build.0 = Debug|Any CPU
		{062B70F2-3F21-4825-8DE0-729F893DA52D}.Release|Any CPU.ActiveCfg = Release|Any CPU
		{062B70F2-3F21-4825-8DE0-729F893DA52D}.Release|Any CPU.Build.0 = Release|Any CPU
	EndGlobalSection
	GlobalSection(SolutionProperties) = preSolution
		HideSolutionNode = FALSE
	EndGlobalSection
	GlobalSection(ExtensibilityGlobals) = postSolution
		SolutionGuid = {A43B37D7-4EC5-49E9-8A95-FA0613387276}
	EndGlobalSection
EndGlobal
